
Microsoft Visual Studio Solution File, Format Version 12.00
# Visual Studio Version 16
VisualStudioVersion = 16.0.29418.71
MinimumVisualStudioVersion = 10.0.40219.1
Project("{FAE04EC0-301F-11D3-BF4B-00C04F79EFBC}") = "A5 AB CLIR Methods Functions", "A5 AB CLIR Methods Functions\A5 AB CLIR Methods Functions.csproj", "{95A339A5-C016-4F8E-8E00-51970F9C0D39}"
EndProject
Global
	GlobalSection(SolutionConfigurationPlatforms) = preSolution
		Debug|Any CPU = Debug|Any CPU
		Release|Any CPU = Release|Any CPU
	EndGlobalSection
	GlobalSection(ProjectConfigurationPlatforms) = postSolution
		{95A339A5-C016-4F8E-8E00-51970F9C0D39}.Debug|Any CPU.ActiveCfg = Debug|Any CPU
		{95A339A5-C016-4F8E-8E00-51970F9C0D39}.Debug|Any CPU.Build.0 = Debug|Any CPU
		{95A339A5-C016-4F8E-8E00-51970F9C0D39}.Release|Any CPU.ActiveCfg = Release|Any CPU
		{95A339A5-C016-4F8E-8E00-51970F9C0D39}.Release|Any CPU.Build.0 = Release|Any CPU
	EndGlobalSection
	GlobalSection(SolutionProperties) = preSolution
		HideSolutionNode = FALSE
	EndGlobalSection
	GlobalSection(ExtensibilityGlobals) = postSolution
		SolutionGuid = {C6891960-A5BC-468E-BBC3-FCEEF6F845FD}
	EndGlobalSection
EndGlobal
